{
  "name": "antd-demo",
  "version": "0.1.0",
  "lockfileVersion": 1,
  "requires": true,
  "dependencies": {
    "antd": {
      "version": "3.19.3",
      "resolved": "https://registry.npmjs.org/antd/-/antd-3.19.3.tgz",
      "integrity": "sha512-7pIICKAMLC2EvRu4Wi0bLuIfkco84u3rbghyqibBZetVrCQQHjhWBxKiv3dxSAlr9HdT71fFvZcus+R81KlGSg=="
    },
    "react": {
      "version": "16.8.6",
      "resolved": "https://registry.npmjs.org/react/-/react-16.8.6.tgz",
      "integrity": "sha512-pC0uMkhLaHm11ZSJULfOBqV4tIZkx87ZLvbbQYunNixAAvjnC+snJCg0XQXn9VIsttVsbZP/H/ewzgsd5fxKXw=="
    },
    "react-dom": {
      "version": "16.8.6",
      "resolved": "https://registry.npmjs.org/react-dom/-/react-dom-16.8.6.tgz",
      "integrity": "sha512-1nL7PIq9LTL3fthPqwkvr2zY7phIPjYrT0jp4HjyEQrEROnw4dG41VVwi/wfoCneoleqrNX7iAD+pXebJZwrwA=="
    },
    "react-scripts": {
      "version": "2.1.3",
      "resolved": "https://registry.npmjs.org/react-scripts/-/react-scripts-2.1.3.tgz",
      "integrity": "sha512-JASD0QVVgSVleVhA9TeA+UBx+shq887hm/L+09qjZLrqIUvJZHZU+oOnhMFGot02Yop+LKfkvf9KSsTNlu/Rwg=="
    }
  }
}
